
Microsoft Visual Studio Solution File, Format Version 12.00
# Visual Studio Version 16
VisualStudioVersion = 16.0.31402.337
MinimumVisualStudioVersion = 10.0.40219.1
Project("{FAE04EC0-301F-11D3-BF4B-00C04F79EFBC}") = "ATV-Herança", "ATV-Herança.csproj", "{C85AFD76-F055-4621-8D74-4CDCA9F8ADA1}"
EndProject
Global
	GlobalSection(SolutionConfigurationPlatforms) = preSolution
		Debug|Any CPU = Debug|Any CPU
		Release|Any CPU = Release|Any CPU
	EndGlobalSection
	GlobalSection(ProjectConfigurationPlatforms) = postSolution
		{C85AFD76-F055-4621-8D74-4CDCA9F8ADA1}.Debug|Any CPU.ActiveCfg = Debug|Any CPU
		{C85AFD76-F055-4621-8D74-4CDCA9F8ADA1}.Debug|Any CPU.Build.0 = Debug|Any CPU
		{C85AFD76-F055-4621-8D74-4CDCA9F8ADA1}.Release|Any CPU.ActiveCfg = Release|Any CPU
		{C85AFD76-F055-4621-8D74-4CDCA9F8ADA1}.Release|Any CPU.Build.0 = Release|Any CPU
	EndGlobalSection
	GlobalSection(SolutionProperties) = preSolution
		HideSolutionNode = FALSE
	EndGlobalSection
	GlobalSection(ExtensibilityGlobals) = postSolution
		SolutionGuid = {782ABCF4-BBAA-4D99-BF80-915C03B49F80}
	EndGlobalSection
EndGlobal
